// !$*UTF8*$!
{
	archiveVersion = 1;
	classes = {
	};
	objectVersion = 48;
	objects = {

/* Begin PBXBuildFile section */
		500662BE1FD5F5A300EE69B0 /* StorageManager.swift in Sources */ = {isa = PBXBuildFile; fileRef = 500662BD1FD5F5A300EE69B0 /* StorageManager.swift */; };
		500CC63C1FD7355D005B7BE3 /* NewsListTableViewCell.swift in Sources */ = {isa = PBXBuildFile; fileRef = 500CC63B1FD7355D005B7BE3 /* NewsListTableViewCell.swift */; };
		501C8BEF1FD4B7A800E5A5D7 /* RequestsConfigFactory.swift in Sources */ = {isa = PBXBuildFile; fileRef = 501C8BEE1FD4B7A800E5A5D7 /* RequestsConfigFactory.swift */; };
		502781F31FDD856300C50C0C /* PlaceholderActivity.swift in Sources */ = {isa = PBXBuildFile; fileRef = 502781F21FDD856300C50C0C /* PlaceholderActivity.swift */; };
		502781F51FDD857B00C50C0C /* PlaceholderActivity.xib in Resources */ = {isa = PBXBuildFile; fileRef = 502781F41FDD857B00C50C0C /* PlaceholderActivity.xib */; };
		5086AFA11FD1ED830088A5FD /* AppDelegate.swift in Sources */ = {isa = PBXBuildFile; fileRef = 5086AFA01FD1ED830088A5FD /* AppDelegate.swift */; };
		5086AFA31FD1ED830088A5FD /* NewsListViewController.swift in Sources */ = {isa = PBXBuildFile; fileRef = 5086AFA21FD1ED830088A5FD /* NewsListViewController.swift */; };
		5086AFA61FD1ED830088A5FD /* Main.storyboard in Resources */ = {isa = PBXBuildFile; fileRef = 5086AFA41FD1ED830088A5FD /* Main.storyboard */; };
		5086AFA91FD1ED830088A5FD /* TNews.xcdatamodeld in Sources */ = {isa = PBXBuildFile; fileRef = 5086AFA71FD1ED830088A5FD /* TNews.xcdatamodeld */; };
		5086AFAB1FD1ED830088A5FD /* Assets.xcassets in Resources */ = {isa = PBXBuildFile; fileRef = 5086AFAA1FD1ED830088A5FD /* Assets.xcassets */; };
		5086AFAE1FD1ED830088A5FD /* LaunchScreen.storyboard in Resources */ = {isa = PBXBuildFile; fileRef = 5086AFAC1FD1ED830088A5FD /* LaunchScreen.storyboard */; };
		5086AFB81FD2DEBE0088A5FD /* News+CoreData.swift in Sources */ = {isa = PBXBuildFile; fileRef = 5086AFB71FD2DEBE0088A5FD /* News+CoreData.swift */; };
		5086AFBA1FD2EA540088A5FD /* CoreDataStack.swift in Sources */ = {isa = PBXBuildFile; fileRef = 5086AFB91FD2EA540088A5FD /* CoreDataStack.swift */; };
		50A69D9D1FD49A37004915B2 /* MainModel.swift in Sources */ = {isa = PBXBuildFile; fileRef = 50A69D9C1FD49A37004915B2 /* MainModel.swift */; };
		50A69D9F1FD49E31004915B2 /* ListDownloaderService.swift in Sources */ = {isa = PBXBuildFile; fileRef = 50A69D9E1FD49E31004915B2 /* ListDownloaderService.swift */; };
		50A69DA11FD49EA9004915B2 /* ContentDownloaderService.swift in Sources */ = {isa = PBXBuildFile; fileRef = 50A69DA01FD49EA9004915B2 /* ContentDownloaderService.swift */; };
		50A69DA31FD49F49004915B2 /* ListParser.swift in Sources */ = {isa = PBXBuildFile; fileRef = 50A69DA21FD49F49004915B2 /* ListParser.swift */; };
		50A69DA51FD4A0B7004915B2 /* ContentParser.swift in Sources */ = {isa = PBXBuildFile; fileRef = 50A69DA41FD4A0B7004915B2 /* ContentParser.swift */; };
		50A69DA71FD4A61A004915B2 /* IRequestSender.swift in Sources */ = {isa = PBXBuildFile; fileRef = 50A69DA61FD4A61A004915B2 /* IRequestSender.swift */; };
		50A69DA91FD4AA38004915B2 /* Parser.swift in Sources */ = {isa = PBXBuildFile; fileRef = 50A69DA81FD4AA38004915B2 /* Parser.swift */; };
		50A69DAB1FD4AD0E004915B2 /* RequestMaker.swift in Sources */ = {isa = PBXBuildFile; fileRef = 50A69DAA1FD4AD0E004915B2 /* RequestMaker.swift */; };
		50A69DB11FD4AE4D004915B2 /* RequestSender.swift in Sources */ = {isa = PBXBuildFile; fileRef = 50A69DB01FD4AE4D004915B2 /* RequestSender.swift */; };
		50BAB0D31FD816400095A172 /* ContentViewController.swift in Sources */ = {isa = PBXBuildFile; fileRef = 50BAB0D21FD816400095A172 /* ContentViewController.swift */; };
		50D2B9A21FD9B19800BD7533 /* Counter+News.swift in Sources */ = {isa = PBXBuildFile; fileRef = 50D2B9A11FD9B19800BD7533 /* Counter+News.swift */; };
/* End PBXBuildFile section */

/* Begin PBXFileReference section */
		500662BD1FD5F5A300EE69B0 /* StorageManager.swift */ = {isa = PBXFileReference; lastKnownFileType = sourcecode.swift; path = StorageManager.swift; sourceTree = "<group>"; };
		500CC63B1FD7355D005B7BE3 /* NewsListTableViewCell.swift */ = {isa = PBXFileReference; lastKnownFileType = sourcecode.swift; path = NewsListTableViewCell.swift; sourceTree = "<group>"; };
		501C8BEE1FD4B7A800E5A5D7 /* RequestsConfigFactory.swift */ = {isa = PBXFileReference; lastKnownFileType = sourcecode.swift; path = RequestsConfigFactory.swift; sourceTree = "<group>"; };
		502781F21FDD856300C50C0C /* PlaceholderActivity.swift */ = {isa = PBXFileReference; lastKnownFileType = sourcecode.swift; path = PlaceholderActivity.swift; sourceTree = "<group>"; };
		502781F41FDD857B00C50C0C /* PlaceholderActivity.xib */ = {isa = PBXFileReference; lastKnownFileType = file.xib; path = PlaceholderActivity.xib; sourceTree = "<group>"; };
		5086AF9D1FD1ED830088A5FD /* TNews.app */ = {isa = PBXFileReference; explicitFileType = wrapper.application; includeInIndex = 0; path = TNews.app; sourceTree = BUILT_PRODUCTS_DIR; };
		5086AFA01FD1ED830088A5FD /* AppDelegate.swift */ = {isa = PBXFileReference; lastKnownFileType = sourcecode.swift; path = AppDelegate.swift; sourceTree = "<group>"; };
		5086AFA21FD1ED830088A5FD /* NewsListViewController.swift */ = {isa = PBXFileReference; lastKnownFileType = sourcecode.swift; path = NewsListViewController.swift; sourceTree = "<group>"; };
		5086AFA51FD1ED830088A5FD /* Base */ = {isa = PBXFileReference; lastKnownFileType = file.storyboard; name = Base; path = Base.lproj/Main.storyboard; sourceTree = "<group>"; };
		5086AFA81FD1ED830088A5FD /* TNews.xcdatamodel */ = {isa = PBXFileReference; lastKnownFileType = wrapper.xcdatamodel; path = TNews.xcdatamodel; sourceTree = "<group>"; };
		5086AFAA1FD1ED830088A5FD /* Assets.xcassets */ = {isa = PBXFileReference; lastKnownFileType = folder.assetcatalog; path = Assets.xcassets; sourceTree = "<group>"; };
		5086AFAD1FD1ED830088A5FD /* Base */ = {isa = PBXFileReference; lastKnownFileType = file.storyboard; name = Base; path = Base.lproj/LaunchScreen.storyboard; sourceTree = "<group>"; };
		5086AFAF1FD1ED830088A5FD /* Info.plist */ = {isa = PBXFileReference; lastKnownFileType = text.plist.xml; path = Info.plist; sourceTree = "<group>"; };
		5086AFB71FD2DEBE0088A5FD /* News+CoreData.swift */ = {isa = PBXFileReference; lastKnownFileType = sourcecode.swift; path = "News+CoreData.swift"; sourceTree = "<group>"; };
		5086AFB91FD2EA540088A5FD /* CoreDataStack.swift */ = {isa = PBXFileReference; lastKnownFileType = sourcecode.swift; path = CoreDataStack.swift; sourceTree = "<group>"; };
		50A69D9C1FD49A37004915B2 /* MainModel.swift */ = {isa = PBXFileReference; lastKnownFileType = sourcecode.swift; path = MainModel.swift; sourceTree = "<group>"; };
		50A69D9E1FD49E31004915B2 /* ListDownloaderService.swift */ = {isa = PBXFileReference; lastKnownFileType = sourcecode.swift; path = ListDownloaderService.swift; sourceTree = "<group>"; };
		50A69DA01FD49EA9004915B2 /* ContentDownloaderService.swift */ = {isa = PBXFileReference; lastKnownFileType = sourcecode.swift; path = ContentDownloaderService.swift; sourceTree = "<group>"; };
		50A69DA21FD49F49004915B2 /* ListParser.swift */ = {isa = PBXFileReference; lastKnownFileType = sourcecode.swift; path = ListParser.swift; sourceTree = "<group>"; };
		50A69DA41FD4A0B7004915B2 /* ContentParser.swift */ = {isa = PBXFileReference; lastKnownFileType = sourcecode.swift; path = ContentParser.swift; sourceTree = "<group>"; };
		50A69DA61FD4A61A004915B2 /* IRequestSender.swift */ = {isa = PBXFileReference; lastKnownFileType = sourcecode.swift; path = IRequestSender.swift; sourceTree = "<group>"; };
		50A69DA81FD4AA38004915B2 /* Parser.swift */ = {isa = PBXFileReference; lastKnownFileType = sourcecode.swift; path = Parser.swift; sourceTree = "<group>"; };
		50A69DAA1FD4AD0E004915B2 /* RequestMaker.swift */ = {isa = PBXFileReference; lastKnownFileType = sourcecode.swift; path = RequestMaker.swift; sourceTree = "<group>"; };
		50A69DB01FD4AE4D004915B2 /* RequestSender.swift */ = {isa = PBXFileReference; lastKnownFileType = sourcecode.swift; path = RequestSender.swift; sourceTree = "<group>"; };
		50BAB0D21FD816400095A172 /* ContentViewController.swift */ = {isa = PBXFileReference; lastKnownFileType = sourcecode.swift; path = ContentViewController.swift; sourceTree = "<group>"; };
		50D2B9A11FD9B19800BD7533 /* Counter+News.swift */ = {isa = PBXFileReference; lastKnownFileType = sourcecode.swift; path = "Counter+News.swift"; sourceTree = "<group>"; };
/* End PBXFileReference section */

/* Begin PBXFrameworksBuildPhase section */
		5086AF9A1FD1ED830088A5FD /* Frameworks */ = {
			isa = PBXFrameworksBuildPhase;
			buildActionMask = 2147483647;
			files = (
			);
			runOnlyForDeploymentPostprocessing = 0;
		};
/* End PBXFrameworksBuildPhase section */

/* Begin PBXGroup section */
		5086AF941FD1ED830088A5FD = {
			isa = PBXGroup;
			children = (
				5086AF9F1FD1ED830088A5FD /* TNews */,
				5086AF9E1FD1ED830088A5FD /* Products */,
			);
			sourceTree = "<group>";
		};
		5086AF9E1FD1ED830088A5FD /* Products */ = {
			isa = PBXGroup;
			children = (
				5086AF9D1FD1ED830088A5FD /* TNews.app */,
			);
			name = Products;
			sourceTree = "<group>";
		};
		5086AF9F1FD1ED830088A5FD /* TNews */ = {
			isa = PBXGroup;
			children = (
				50D6B6081FDC5BD4007AB487 /* PresentationLayer */,
				50A69DB21FD4AE79004915B2 /* ServiceLayer */,
				50A69DB41FD4AE9F004915B2 /* CoreLayer */,
				5086AFAA1FD1ED830088A5FD /* Assets.xcassets */,
				5086AFAC1FD1ED830088A5FD /* LaunchScreen.storyboard */,
				5086AFAF1FD1ED830088A5FD /* Info.plist */,
				5086AFA01FD1ED830088A5FD /* AppDelegate.swift */,
			);
			path = TNews;
			sourceTree = "<group>";
		};
		50A69DAC1FD4ADA2004915B2 /* Parsers */ = {
			isa = PBXGroup;
			children = (
				50A69DA81FD4AA38004915B2 /* Parser.swift */,
				50A69DA21FD49F49004915B2 /* ListParser.swift */,
				50A69DA41FD4A0B7004915B2 /* ContentParser.swift */,
			);
			path = Parsers;
			sourceTree = "<group>";
		};
		50A69DAD1FD4ADEC004915B2 /* RequestMaker */ = {
			isa = PBXGroup;
			children = (
				50A69DAA1FD4AD0E004915B2 /* RequestMaker.swift */,
				501C8BEE1FD4B7A800E5A5D7 /* RequestsConfigFactory.swift */,
			);
			path = RequestMaker;
			sourceTree = "<group>";
		};
		50A69DAF1FD4AE12004915B2 /* RequestSender */ = {
			isa = PBXGroup;
			children = (
				50A69DA61FD4A61A004915B2 /* IRequestSender.swift */,
				50A69DB01FD4AE4D004915B2 /* RequestSender.swift */,
			);
			path = RequestSender;
			sourceTree = "<group>";
		};
		50A69DB21FD4AE79004915B2 /* ServiceLayer */ = {
			isa = PBXGroup;
			children = (
				50A69D9E1FD49E31004915B2 /* ListDownloaderService.swift */,
				50A69DA01FD49EA9004915B2 /* ContentDownloaderService.swift */,
			);
			path = ServiceLayer;
			sourceTree = "<group>";
		};
		50A69DB41FD4AE9F004915B2 /* CoreLayer */ = {
			isa = PBXGroup;
			children = (
				50D6B60D1FDC5C8A007AB487 /* CoreDataBase */,
				50A69DB81FD4AF5A004915B2 /* Storage */,
				50A69DB61FD4AF3A004915B2 /* Networking */,
			);
			path = CoreLayer;
			sourceTree = "<group>";
		};
		50A69DB61FD4AF3A004915B2 /* Networking */ = {
			isa = PBXGroup;
			children = (
				50A69DAF1FD4AE12004915B2 /* RequestSender */,
				50A69DAD1FD4ADEC004915B2 /* RequestMaker */,
				50A69DAC1FD4ADA2004915B2 /* Parsers */,
			);
			path = Networking;
			sourceTree = "<group>";
		};
		50A69DB81FD4AF5A004915B2 /* Storage */ = {
			isa = PBXGroup;
			children = (
				500662BD1FD5F5A300EE69B0 /* StorageManager.swift */,
			);
			path = Storage;
			sourceTree = "<group>";
		};
		50CD32BD1FDD9EC100D5736C /* PlaceHolderActivityView */ = {
			isa = PBXGroup;
			children = (
				502781F21FDD856300C50C0C /* PlaceholderActivity.swift */,
				502781F41FDD857B00C50C0C /* PlaceholderActivity.xib */,
			);
			path = PlaceHolderActivityView;
			sourceTree = "<group>";
		};
		50D6B6081FDC5BD4007AB487 /* PresentationLayer */ = {
			isa = PBXGroup;
			children = (
				50CD32BD1FDD9EC100D5736C /* PlaceHolderActivityView */,
				50D6B6091FDC5BE0007AB487 /* Modules */,
				5086AFA41FD1ED830088A5FD /* Main.storyboard */,
			);
			path = PresentationLayer;
			sourceTree = "<group>";
		};
		50D6B6091FDC5BE0007AB487 /* Modules */ = {
			isa = PBXGroup;
			children = (
				50D6B60A1FDC5BFE007AB487 /* NewsViewController */,
				50D6B60C1FDC5C22007AB487 /* ContentViewController */,
			);
			path = Modules;
			sourceTree = "<group>";
		};
		50D6B60A1FDC5BFE007AB487 /* NewsViewController */ = {
			isa = PBXGroup;
			children = (
				5086AFA21FD1ED830088A5FD /* NewsListViewController.swift */,
				500CC63B1FD7355D005B7BE3 /* NewsListTableViewCell.swift */,
				50A69D9C1FD49A37004915B2 /* MainModel.swift */,
			);
			path = NewsViewController;
			sourceTree = "<group>";
		};
		50D6B60C1FDC5C22007AB487 /* ContentViewController */ = {
			isa = PBXGroup;
			children = (
				50BAB0D21FD816400095A172 /* ContentViewController.swift */,
			);
			path = ContentViewController;
			sourceTree = "<group>";
		};
		50D6B60D1FDC5C8A007AB487 /* CoreDataBase */ = {
			isa = PBXGroup;
			children = (
				5086AFB91FD2EA540088A5FD /* CoreDataStack.swift */,
				50D2B9A11FD9B19800BD7533 /* Counter+News.swift */,
				5086AFB71FD2DEBE0088A5FD /* News+CoreData.swift */,
				5086AFA71FD1ED830088A5FD /* TNews.xcdatamodeld */,
			);
			path = CoreDataBase;
			sourceTree = "<group>";
		};
/* End PBXGroup section */

/* Begin PBXNativeTarget section */
		5086AF9C1FD1ED830088A5FD /* TNews */ = {
			isa = PBXNativeTarget;
			buildConfigurationList = 5086AFB21FD1ED830088A5FD /* Build configuration list for PBXNativeTarget "TNews" */;
			buildPhases = (
				5086AF991FD1ED830088A5FD /* Sources */,
				5086AF9A1FD1ED830088A5FD /* Frameworks */,
				5086AF9B1FD1ED830088A5FD /* Resources */,
			);
			buildRules = (
			);
			dependencies = (
			);
			name = TNews;
			productName = TNews;
			productReference = 5086AF9D1FD1ED830088A5FD /* TNews.app */;
			productType = "com.apple.product-type.application";
		};
/* End PBXNativeTarget section */

/* Begin PBXProject section */
		5086AF951FD1ED830088A5FD /* Project object */ = {
			isa = PBXProject;
			attributes = {
				LastSwiftUpdateCheck = 0910;
				LastUpgradeCheck = 0910;
				ORGANIZATIONNAME = "Denis Karpenko";
				TargetAttributes = {
					5086AF9C1FD1ED830088A5FD = {
						CreatedOnToolsVersion = 9.1;
						ProvisioningStyle = Automatic;
					};
				};
			};
			buildConfigurationList = 5086AF981FD1ED830088A5FD /* Build configuration list for PBXProject "TNews" */;
			compatibilityVersion = "Xcode 8.0";
			developmentRegion = en;
			hasScannedForEncodings = 0;
			knownRegions = (
				en,
				Base,
			);
			mainGroup = 5086AF941FD1ED830088A5FD;
			productRefGroup = 5086AF9E1FD1ED830088A5FD /* Products */;
			projectDirPath = "";
			projectRoot = "";
			targets = (
				5086AF9C1FD1ED830088A5FD /* TNews */,
			);
		};
/* End PBXProject section */

/* Begin PBXResourcesBuildPhase section */
		5086AF9B1FD1ED830088A5FD /* Resources */ = {
			isa = PBXResourcesBuildPhase;
			buildActionMask = 2147483647;
			files = (
				502781F51FDD857B00C50C0C /* PlaceholderActivity.xib in Resources */,
				5086AFAE1FD1ED830088A5FD /* LaunchScreen.storyboard in Resources */,
				5086AFAB1FD1ED830088A5FD /* Assets.xcassets in Resources */,
				5086AFA61FD1ED830088A5FD /* Main.storyboard in Resources */,
			);
			runOnlyForDeploymentPostprocessing = 0;
		};
/* End PBXResourcesBuildPhase section */

/* Begin PBXSourcesBuildPhase section */
		5086AF991FD1ED830088A5FD /* Sources */ = {
			isa = PBXSourcesBuildPhase;
			buildActionMask = 2147483647;
			files = (
				501C8BEF1FD4B7A800E5A5D7 /* RequestsConfigFactory.swift in Sources */,
				50D2B9A21FD9B19800BD7533 /* Counter+News.swift in Sources */,
				50A69DA31FD49F49004915B2 /* ListParser.swift in Sources */,
				50A69DA11FD49EA9004915B2 /* ContentDownloaderService.swift in Sources */,
				502781F31FDD856300C50C0C /* PlaceholderActivity.swift in Sources */,
				50A69DA91FD4AA38004915B2 /* Parser.swift in Sources */,
				50A69DA71FD4A61A004915B2 /* IRequestSender.swift in Sources */,
				50A69DB11FD4AE4D004915B2 /* RequestSender.swift in Sources */,
				5086AFA91FD1ED830088A5FD /* TNews.xcdatamodeld in Sources */,
				50A69DAB1FD4AD0E004915B2 /* RequestMaker.swift in Sources */,
				500662BE1FD5F5A300EE69B0 /* StorageManager.swift in Sources */,
				50BAB0D31FD816400095A172 /* ContentViewController.swift in Sources */,
				50A69DA51FD4A0B7004915B2 /* ContentParser.swift in Sources */,
				500CC63C1FD7355D005B7BE3 /* NewsListTableViewCell.swift in Sources */,
				5086AFA31FD1ED830088A5FD /* NewsListViewController.swift in Sources */,
				50A69D9D1FD49A37004915B2 /* MainModel.swift in Sources */,
				50A69D9F1FD49E31004915B2 /* ListDownloaderService.swift in Sources */,
				5086AFBA1FD2EA540088A5FD /* CoreDataStack.swift in Sources */,
				5086AFB81FD2DEBE0088A5FD /* News+CoreData.swift in Sources */,
				5086AFA11FD1ED830088A5FD /* AppDelegate.swift in Sources */,
			);
			runOnlyForDeploymentPostprocessing = 0;
		};
/* End PBXSourcesBuildPhase section */

/* Begin PBXVariantGroup section */
		5086AFA41FD1ED830088A5FD /* Main.storyboard */ = {
			isa = PBXVariantGroup;
			children = (
				5086AFA51FD1ED830088A5FD /* Base */,
			);
			name = Main.storyboard;
			sourceTree = "<group>";
		};
		5086AFAC1FD1ED830088A5FD /* LaunchScreen.storyboard */ = {
			isa = PBXVariantGroup;
			children = (
				5086AFAD1FD1ED830088A5FD /* Base */,
			);
			name = LaunchScreen.storyboard;
			sourceTree = "<group>";
		};
/* End PBXVariantGroup section */

/* Begin XCBuildConfiguration section */
		5086AFB01FD1ED830088A5FD /* Debug */ = {
			isa = XCBuildConfiguration;
			buildSettings = {
				ALWAYS_SEARCH_USER_PATHS = NO;
				CLANG_ANALYZER_NONNULL = YES;
				CLANG_ANALYZER_NUMBER_OBJECT_CONVERSION = YES_AGGRESSIVE;
				CLANG_CXX_LANGUAGE_STANDARD = "gnu++14";
				CLANG_CXX_LIBRARY = "libc++";
				CLANG_ENABLE_MODULES = YES;
				CLANG_ENABLE_OBJC_ARC = YES;
				CLANG_WARN_BLOCK_CAPTURE_AUTORELEASING = YES;
				CLANG_WARN_BOOL_CONVERSION = YES;
				CLANG_WARN_COMMA = YES;
				CLANG_WARN_CONSTANT_CONVERSION = YES;
				CLANG_WARN_DIRECT_OBJC_ISA_USAGE = YES_ERROR;
				CLANG_WARN_DOCUMENTATION_COMMENTS = YES;
				CLANG_WARN_EMPTY_BODY = YES;
				CLANG_WARN_ENUM_CONVERSION = YES;
				CLANG_WARN_INFINITE_RECURSION = YES;
				CLANG_WARN_INT_CONVERSION = YES;
				CLANG_WARN_NON_LITERAL_NULL_CONVERSION = YES;
				CLANG_WARN_OBJC_LITERAL_CONVERSION = YES;
				CLANG_WARN_OBJC_ROOT_CLASS = YES_ERROR;
				CLANG_WARN_RANGE_LOOP_ANALYSIS = YES;
				CLANG_WARN_STRICT_PROTOTYPES = YES;
				CLANG_WARN_SUSPICIOUS_MOVE = YES;
				CLANG_WARN_UNGUARDED_AVAILABILITY = YES_AGGRESSIVE;
				CLANG_WARN_UNREACHABLE_CODE = YES;
				CLANG_WARN__DUPLICATE_METHOD_MATCH = YES;
				CODE_SIGN_IDENTITY = "iPhone Developer";
				COPY_PHASE_STRIP = NO;
				DEBUG_INFORMATION_FORMAT = dwarf;
				ENABLE_STRICT_OBJC_MSGSEND = YES;
				ENABLE_TESTABILITY = YES;
				GCC_C_LANGUAGE_STANDARD = gnu11;
				GCC_DYNAMIC_NO_PIC = NO;
				GCC_NO_COMMON_BLOCKS = YES;
				GCC_OPTIMIZATION_LEVEL = 0;
				GCC_PREPROCESSOR_DEFINITIONS = (
					"DEBUG=1",
					"$(inherited)",
				);
				GCC_WARN_64_TO_32_BIT_CONVERSION = YES;
				GCC_WARN_ABOUT_RETURN_TYPE = YES_ERROR;
				GCC_WARN_UNDECLARED_SELECTOR = YES;
				GCC_WARN_UNINITIALIZED_AUTOS = YES_AGGRESSIVE;
				GCC_WARN_UNUSED_FUNCTION = YES;
				GCC_WARN_UNUSED_VARIABLE = YES;
				IPHONEOS_DEPLOYMENT_TARGET = 11.1;
				MTL_ENABLE_DEBUG_INFO = YES;
				ONLY_ACTIVE_ARCH = YES;
				SDKROOT = iphoneos;
				SWIFT_ACTIVE_COMPILATION_CONDITIONS = DEBUG;
				SWIFT_OPTIMIZATION_LEVEL = "-Onone";
			};
			name = Debug;
		};
		5086AFB11FD1ED830088A5FD /* Release */ = {
			isa = XCBuildConfiguration;
			buildSettings = {
				ALWAYS_SEARCH_USER_PATHS = NO;
				CLANG_ANALYZER_NONNULL = YES;
				CLANG_ANALYZER_NUMBER_OBJECT_CONVERSION = YES_AGGRESSIVE;
				CLANG_CXX_LANGUAGE_STANDARD = "gnu++14";
				CLANG_CXX_LIBRARY = "libc++";
				CLANG_ENABLE_MODULES = YES;
				CLANG_ENABLE_OBJC_ARC = YES;
				CLANG_WARN_BLOCK_CAPTURE_AUTORELEASING = YES;
				CLANG_WARN_BOOL_CONVERSION = YES;
				CLANG_WARN_COMMA = YES;
				CLANG_WARN_CONSTANT_CONVERSION = YES;
				CLANG_WARN_DIRECT_OBJC_ISA_USAGE = YES_ERROR;
				CLANG_WARN_DOCUMENTATION_COMMENTS = YES;
				CLANG_WARN_EMPTY_BODY = YES;
				CLANG_WARN_ENUM_CONVERSION = YES;
				CLANG_WARN_INFINITE_RECURSION = YES;
				CLANG_WARN_INT_CONVERSION = YES;
				CLANG_WARN_NON_LITERAL_NULL_CONVERSION = YES;
				CLANG_WARN_OBJC_LITERAL_CONVERSION = YES;
				CLANG_WARN_OBJC_ROOT_CLASS = YES_ERROR;
				CLANG_WARN_RANGE_LOOP_ANALYSIS = YES;
				CLANG_WARN_STRICT_PROTOTYPES = YES;
				CLANG_WARN_SUSPICIOUS_MOVE = YES;
				CLANG_WARN_UNGUARDED_AVAILABILITY = YES_AGGRESSIVE;
				CLANG_WARN_UNREACHABLE_CODE = YES;
				CLANG_WARN__DUPLICATE_METHOD_MATCH = YES;
				CODE_SIGN_IDENTITY = "iPhone Developer";
				COPY_PHASE_STRIP = NO;
				DEBUG_INFORMATION_FORMAT = "dwarf-with-dsym";
				ENABLE_NS_ASSERTIONS = NO;
				ENABLE_STRICT_OBJC_MSGSEND = YES;
				GCC_C_LANGUAGE_STANDARD = gnu11;
				GCC_NO_COMMON_BLOCKS = YES;
				GCC_WARN_64_TO_32_BIT_CONVERSION = YES;
				GCC_WARN_ABOUT_RETURN_TYPE = YES_ERROR;
				GCC_WARN_UNDECLARED_SELECTOR = YES;
				GCC_WARN_UNINITIALIZED_AUTOS = YES_AGGRESSIVE;
				GCC_WARN_UNUSED_FUNCTION = YES;
				GCC_WARN_UNUSED_VARIABLE = YES;
				IPHONEOS_DEPLOYMENT_TARGET = 11.1;
				MTL_ENABLE_DEBUG_INFO = NO;
				SDKROOT = iphoneos;
				SWIFT_OPTIMIZATION_LEVEL = "-Owholemodule";
				VALIDATE_PRODUCT = YES;
			};
			name = Release;
		};
		5086AFB31FD1ED830088A5FD /* Debug */ = {
			isa = XCBuildConfiguration;
			buildSettings = {
				ASSETCATALOG_COMPILER_APPICON_NAME = AppIcon;
				CODE_SIGN_STYLE = Automatic;
				DEVELOPMENT_TEAM = X96WC7QB45;
				INFOPLIST_FILE = TNews/Info.plist;
				IPHONEOS_DEPLOYMENT_TARGET = 9.0;
				LD_RUNPATH_SEARCH_PATHS = "$(inherited) @executable_path/Frameworks";
				PRODUCT_BUNDLE_IDENTIFIER = luckyass.TNews;
				PRODUCT_NAME = "$(TARGET_NAME)";
				SWIFT_VERSION = 4.0;
				TARGETED_DEVICE_FAMILY = 1;
			};
			name = Debug;
		};
		5086AFB41FD1ED830088A5FD /* Release */ = {
			isa = XCBuildConfiguration;
			buildSettings = {
				ASSETCATALOG_COMPILER_APPICON_NAME = AppIcon;
				CODE_SIGN_STYLE = Automatic;
				DEVELOPMENT_TEAM = X96WC7QB45;
				INFOPLIST_FILE = TNews/Info.plist;
				IPHONEOS_DEPLOYMENT_TARGET = 9.0;
				LD_RUNPATH_SEARCH_PATHS = "$(inherited) @executable_path/Frameworks";
				PRODUCT_BUNDLE_IDENTIFIER = luckyass.TNews;
				PRODUCT_NAME = "$(TARGET_NAME)";
				SWIFT_VERSION = 4.0;
				TARGETED_DEVICE_FAMILY = 1;
			};
			name = Release;
		};
/* End XCBuildConfiguration section */

/* Begin XCConfigurationList section */
		5086AF981FD1ED830088A5FD /* Build configuration list for PBXProject "TNews" */ = {
			isa = XCConfigurationList;
			buildConfigurations = (
				5086AFB01FD1ED830088A5FD /* Debug */,
				5086AFB11FD1ED830088A5FD /* Release */,
			);
			defaultConfigurationIsVisible = 0;
			defaultConfigurationName = Release;
		};
		5086AFB21FD1ED830088A5FD /* Build configuration list for PBXNativeTarget "TNews" */ = {
			isa = XCConfigurationList;
			buildConfigurations = (
				5086AFB31FD1ED830088A5FD /* Debug */,
				5086AFB41FD1ED830088A5FD /* Release */,
			);
			defaultConfigurationIsVisible = 0;
			defaultConfigurationName = Release;
		};
/* End XCConfigurationList section */

/* Begin XCVersionGroup section */
		5086AFA71FD1ED830088A5FD /* TNews.xcdatamodeld */ = {
			isa = XCVersionGroup;
			children = (
				5086AFA81FD1ED830088A5FD /* TNews.xcdatamodel */,
			);
			currentVersion = 5086AFA81FD1ED830088A5FD /* TNews.xcdatamodel */;
			path = TNews.xcdatamodeld;
			sourceTree = "<group>";
			versionGroupType = wrapper.xcdatamodel;
		};
/* End XCVersionGroup section */
	};
	rootObject = 5086AF951FD1ED830088A5FD /* Project object */;
}
