// !$*UTF8*$!
{
	archiveVersion = 1;
	classes = {
	};
	objectVersion = 48;
	objects = {

/* Begin PBXBuildFile section */
		5086AFA11FD1ED830088A5FD /* AppDelegate.swift in Sources */ = {isa = PBXBuildFile; fileRef = 5086AFA01FD1ED830088A5FD /* AppDelegate.swift */; };
		5086AFA31FD1ED830088A5FD /* NewsListViewController.swift in Sources */ = {isa = PBXBuildFile; fileRef = 5086AFA21FD1ED830088A5FD /* NewsListViewController.swift */; };
		5086AFA61FD1ED830088A5FD /* Main.storyboard in Resources */ = {isa = PBXBuildFile; fileRef = 5086AFA41FD1ED830088A5FD /* Main.storyboard */; };
		5086AFA91FD1ED830088A5FD /* TNews.xcdatamodeld in Sources */ = {isa = PBXBuildFile; fileRef = 5086AFA71FD1ED830088A5FD /* TNews.xcdatamodeld */; };
		5086AFAB1FD1ED830088A5FD /* Assets.xcassets in Resources */ = {isa = PBXBuildFile; fileRef = 5086AFAA1FD1ED830088A5FD /* Assets.xcassets */; };
		5086AFAE1FD1ED830088A5FD /* LaunchScreen.storyboard in Resources */ = {isa = PBXBuildFile; fileRef = 5086AFAC1FD1ED830088A5FD /* LaunchScreen.storyboard */; };
		5086AFB61FD2BF640088A5FD /* DataDownloader.swift in Sources */ = {isa = PBXBuildFile; fileRef = 5086AFB51FD2BF640088A5FD /* DataDownloader.swift */; };
		5086AFB81FD2DEBE0088A5FD /* News+CoreData.swift in Sources */ = {isa = PBXBuildFile; fileRef = 5086AFB71FD2DEBE0088A5FD /* News+CoreData.swift */; };
		5086AFBA1FD2EA540088A5FD /* CoreDataStack.swift in Sources */ = {isa = PBXBuildFile; fileRef = 5086AFB91FD2EA540088A5FD /* CoreDataStack.swift */; };
		5086AFBC1FD314FE0088A5FD /* StorageManager.swift in Sources */ = {isa = PBXBuildFile; fileRef = 5086AFBB1FD314FE0088A5FD /* StorageManager.swift */; };
		5086AFBE1FD318CD0088A5FD /* NewsDataProvider.swift in Sources */ = {isa = PBXBuildFile; fileRef = 5086AFBD1FD318CD0088A5FD /* NewsDataProvider.swift */; };
/* End PBXBuildFile section */

/* Begin PBXFileReference section */
		5086AF9D1FD1ED830088A5FD /* TNews.app */ = {isa = PBXFileReference; explicitFileType = wrapper.application; includeInIndex = 0; path = TNews.app; sourceTree = BUILT_PRODUCTS_DIR; };
		5086AFA01FD1ED830088A5FD /* AppDelegate.swift */ = {isa = PBXFileReference; lastKnownFileType = sourcecode.swift; path = AppDelegate.swift; sourceTree = "<group>"; };
		5086AFA21FD1ED830088A5FD /* NewsListViewController.swift */ = {isa = PBXFileReference; lastKnownFileType = sourcecode.swift; path = NewsListViewController.swift; sourceTree = "<group>"; };
		5086AFA51FD1ED830088A5FD /* Base */ = {isa = PBXFileReference; lastKnownFileType = file.storyboard; name = Base; path = Base.lproj/Main.storyboard; sourceTree = "<group>"; };
		5086AFA81FD1ED830088A5FD /* TNews.xcdatamodel */ = {isa = PBXFileReference; lastKnownFileType = wrapper.xcdatamodel; path = TNews.xcdatamodel; sourceTree = "<group>"; };
		5086AFAA1FD1ED830088A5FD /* Assets.xcassets */ = {isa = PBXFileReference; lastKnownFileType = folder.assetcatalog; path = Assets.xcassets; sourceTree = "<group>"; };
		5086AFAD1FD1ED830088A5FD /* Base */ = {isa = PBXFileReference; lastKnownFileType = file.storyboard; name = Base; path = Base.lproj/LaunchScreen.storyboard; sourceTree = "<group>"; };
		5086AFAF1FD1ED830088A5FD /* Info.plist */ = {isa = PBXFileReference; lastKnownFileType = text.plist.xml; path = Info.plist; sourceTree = "<group>"; };
		5086AFB51FD2BF640088A5FD /* DataDownloader.swift */ = {isa = PBXFileReference; lastKnownFileType = sourcecode.swift; path = DataDownloader.swift; sourceTree = "<group>"; };
		5086AFB71FD2DEBE0088A5FD /* News+CoreData.swift */ = {isa = PBXFileReference; lastKnownFileType = sourcecode.swift; path = "News+CoreData.swift"; sourceTree = "<group>"; };
		5086AFB91FD2EA540088A5FD /* CoreDataStack.swift */ = {isa = PBXFileReference; lastKnownFileType = sourcecode.swift; path = CoreDataStack.swift; sourceTree = "<group>"; };
		5086AFBB1FD314FE0088A5FD /* StorageManager.swift */ = {isa = PBXFileReference; lastKnownFileType = sourcecode.swift; path = StorageManager.swift; sourceTree = "<group>"; };
		5086AFBD1FD318CD0088A5FD /* NewsDataProvider.swift */ = {isa = PBXFileReference; lastKnownFileType = sourcecode.swift; path = NewsDataProvider.swift; sourceTree = "<group>"; };
/* End PBXFileReference section */

/* Begin PBXFrameworksBuildPhase section */
		5086AF9A1FD1ED830088A5FD /* Frameworks */ = {
			isa = PBXFrameworksBuildPhase;
			buildActionMask = 2147483647;
			files = (
			);
			runOnlyForDeploymentPostprocessing = 0;
		};
/* End PBXFrameworksBuildPhase section */

/* Begin PBXGroup section */
		5086AF941FD1ED830088A5FD = {
			isa = PBXGroup;
			children = (
				5086AF9F1FD1ED830088A5FD /* TNews */,
				5086AF9E1FD1ED830088A5FD /* Products */,
			);
			sourceTree = "<group>";
		};
		5086AF9E1FD1ED830088A5FD /* Products */ = {
			isa = PBXGroup;
			children = (
				5086AF9D1FD1ED830088A5FD /* TNews.app */,
			);
			name = Products;
			sourceTree = "<group>";
		};
		5086AF9F1FD1ED830088A5FD /* TNews */ = {
			isa = PBXGroup;
			children = (
				5086AFA01FD1ED830088A5FD /* AppDelegate.swift */,
				5086AFBB1FD314FE0088A5FD /* StorageManager.swift */,
				5086AFA21FD1ED830088A5FD /* NewsListViewController.swift */,
				5086AFBD1FD318CD0088A5FD /* NewsDataProvider.swift */,
				5086AFB51FD2BF640088A5FD /* DataDownloader.swift */,
				5086AFA41FD1ED830088A5FD /* Main.storyboard */,
				5086AFAA1FD1ED830088A5FD /* Assets.xcassets */,
				5086AFAC1FD1ED830088A5FD /* LaunchScreen.storyboard */,
				5086AFAF1FD1ED830088A5FD /* Info.plist */,
				5086AFA71FD1ED830088A5FD /* TNews.xcdatamodeld */,
				5086AFB71FD2DEBE0088A5FD /* News+CoreData.swift */,
				5086AFB91FD2EA540088A5FD /* CoreDataStack.swift */,
			);
			path = TNews;
			sourceTree = "<group>";
		};
/* End PBXGroup section */

/* Begin PBXNativeTarget section */
		5086AF9C1FD1ED830088A5FD /* TNews */ = {
			isa = PBXNativeTarget;
			buildConfigurationList = 5086AFB21FD1ED830088A5FD /* Build configuration list for PBXNativeTarget "TNews" */;
			buildPhases = (
				5086AF991FD1ED830088A5FD /* Sources */,
				5086AF9A1FD1ED830088A5FD /* Frameworks */,
				5086AF9B1FD1ED830088A5FD /* Resources */,
			);
			buildRules = (
			);
			dependencies = (
			);
			name = TNews;
			productName = TNews;
			productReference = 5086AF9D1FD1ED830088A5FD /* TNews.app */;
			productType = "com.apple.product-type.application";
		};
/* End PBXNativeTarget section */

/* Begin PBXProject section */
		5086AF951FD1ED830088A5FD /* Project object */ = {
			isa = PBXProject;
			attributes = {
				LastSwiftUpdateCheck = 0910;
				LastUpgradeCheck = 0910;
				ORGANIZATIONNAME = "Denis Karpenko";
				TargetAttributes = {
					5086AF9C1FD1ED830088A5FD = {
						CreatedOnToolsVersion = 9.1;
						ProvisioningStyle = Automatic;
					};
				};
			};
			buildConfigurationList = 5086AF981FD1ED830088A5FD /* Build configuration list for PBXProject "TNews" */;
			compatibilityVersion = "Xcode 8.0";
			developmentRegion = en;
			hasScannedForEncodings = 0;
			knownRegions = (
				en,
				Base,
			);
			mainGroup = 5086AF941FD1ED830088A5FD;
			productRefGroup = 5086AF9E1FD1ED830088A5FD /* Products */;
			projectDirPath = "";
			projectRoot = "";
			targets = (
				5086AF9C1FD1ED830088A5FD /* TNews */,
			);
		};
/* End PBXProject section */

/* Begin PBXResourcesBuildPhase section */
		5086AF9B1FD1ED830088A5FD /* Resources */ = {
			isa = PBXResourcesBuildPhase;
			buildActionMask = 2147483647;
			files = (
				5086AFAE1FD1ED830088A5FD /* LaunchScreen.storyboard in Resources */,
				5086AFAB1FD1ED830088A5FD /* Assets.xcassets in Resources */,
				5086AFA61FD1ED830088A5FD /* Main.storyboard in Resources */,
			);
			runOnlyForDeploymentPostprocessing = 0;
		};
/* End PBXResourcesBuildPhase section */

/* Begin PBXSourcesBuildPhase section */
		5086AF991FD1ED830088A5FD /* Sources */ = {
			isa = PBXSourcesBuildPhase;
			buildActionMask = 2147483647;
			files = (
				5086AFB61FD2BF640088A5FD /* DataDownloader.swift in Sources */,
				5086AFA91FD1ED830088A5FD /* TNews.xcdatamodeld in Sources */,
				5086AFA31FD1ED830088A5FD /* NewsListViewController.swift in Sources */,
				5086AFBE1FD318CD0088A5FD /* NewsDataProvider.swift in Sources */,
				5086AFBC1FD314FE0088A5FD /* StorageManager.swift in Sources */,
				5086AFBA1FD2EA540088A5FD /* CoreDataStack.swift in Sources */,
				5086AFB81FD2DEBE0088A5FD /* News+CoreData.swift in Sources */,
				5086AFA11FD1ED830088A5FD /* AppDelegate.swift in Sources */,
			);
			runOnlyForDeploymentPostprocessing = 0;
		};
/* End PBXSourcesBuildPhase section */

/* Begin PBXVariantGroup section */
		5086AFA41FD1ED830088A5FD /* Main.storyboard */ = {
			isa = PBXVariantGroup;
			children = (
				5086AFA51FD1ED830088A5FD /* Base */,
			);
			name = Main.storyboard;
			sourceTree = "<group>";
		};
		5086AFAC1FD1ED830088A5FD /* LaunchScreen.storyboard */ = {
			isa = PBXVariantGroup;
			children = (
				5086AFAD1FD1ED830088A5FD /* Base */,
			);
			name = LaunchScreen.storyboard;
			sourceTree = "<group>";
		};
/* End PBXVariantGroup section */

/* Begin XCBuildConfiguration section */
		5086AFB01FD1ED830088A5FD /* Debug */ = {
			isa = XCBuildConfiguration;
			buildSettings = {
				ALWAYS_SEARCH_USER_PATHS = NO;
				CLANG_ANALYZER_NONNULL = YES;
				CLANG_ANALYZER_NUMBER_OBJECT_CONVERSION = YES_AGGRESSIVE;
				CLANG_CXX_LANGUAGE_STANDARD = "gnu++14";
				CLANG_CXX_LIBRARY = "libc++";
				CLANG_ENABLE_MODULES = YES;
				CLANG_ENABLE_OBJC_ARC = YES;
				CLANG_WARN_BLOCK_CAPTURE_AUTORELEASING = YES;
				CLANG_WARN_BOOL_CONVERSION = YES;
				CLANG_WARN_COMMA = YES;
				CLANG_WARN_CONSTANT_CONVERSION = YES;
				CLANG_WARN_DIRECT_OBJC_ISA_USAGE = YES_ERROR;
				CLANG_WARN_DOCUMENTATION_COMMENTS = YES;
				CLANG_WARN_EMPTY_BODY = YES;
				CLANG_WARN_ENUM_CONVERSION = YES;
				CLANG_WARN_INFINITE_RECURSION = YES;
				CLANG_WARN_INT_CONVERSION = YES;
				CLANG_WARN_NON_LITERAL_NULL_CONVERSION = YES;
				CLANG_WARN_OBJC_LITERAL_CONVERSION = YES;
				CLANG_WARN_OBJC_ROOT_CLASS = YES_ERROR;
				CLANG_WARN_RANGE_LOOP_ANALYSIS = YES;
				CLANG_WARN_STRICT_PROTOTYPES = YES;
				CLANG_WARN_SUSPICIOUS_MOVE = YES;
				CLANG_WARN_UNGUARDED_AVAILABILITY = YES_AGGRESSIVE;
				CLANG_WARN_UNREACHABLE_CODE = YES;
				CLANG_WARN__DUPLICATE_METHOD_MATCH = YES;
				CODE_SIGN_IDENTITY = "iPhone Developer";
				COPY_PHASE_STRIP = NO;
				DEBUG_INFORMATION_FORMAT = dwarf;
				ENABLE_STRICT_OBJC_MSGSEND = YES;
				ENABLE_TESTABILITY = YES;
				GCC_C_LANGUAGE_STANDARD = gnu11;
				GCC_DYNAMIC_NO_PIC = NO;
				GCC_NO_COMMON_BLOCKS = YES;
				GCC_OPTIMIZATION_LEVEL = 0;
				GCC_PREPROCESSOR_DEFINITIONS = (
					"DEBUG=1",
					"$(inherited)",
				);
				GCC_WARN_64_TO_32_BIT_CONVERSION = YES;
				GCC_WARN_ABOUT_RETURN_TYPE = YES_ERROR;
				GCC_WARN_UNDECLARED_SELECTOR = YES;
				GCC_WARN_UNINITIALIZED_AUTOS = YES_AGGRESSIVE;
				GCC_WARN_UNUSED_FUNCTION = YES;
				GCC_WARN_UNUSED_VARIABLE = YES;
				IPHONEOS_DEPLOYMENT_TARGET = 11.1;
				MTL_ENABLE_DEBUG_INFO = YES;
				ONLY_ACTIVE_ARCH = YES;
				SDKROOT = iphoneos;
				SWIFT_ACTIVE_COMPILATION_CONDITIONS = DEBUG;
				SWIFT_OPTIMIZATION_LEVEL = "-Onone";
			};
			name = Debug;
		};
		5086AFB11FD1ED830088A5FD /* Release */ = {
			isa = XCBuildConfiguration;
			buildSettings = {
				ALWAYS_SEARCH_USER_PATHS = NO;
				CLANG_ANALYZER_NONNULL = YES;
				CLANG_ANALYZER_NUMBER_OBJECT_CONVERSION = YES_AGGRESSIVE;
				CLANG_CXX_LANGUAGE_STANDARD = "gnu++14";
				CLANG_CXX_LIBRARY = "libc++";
				CLANG_ENABLE_MODULES = YES;
				CLANG_ENABLE_OBJC_ARC = YES;
				CLANG_WARN_BLOCK_CAPTURE_AUTORELEASING = YES;
				CLANG_WARN_BOOL_CONVERSION = YES;
				CLANG_WARN_COMMA = YES;
				CLANG_WARN_CONSTANT_CONVERSION = YES;
				CLANG_WARN_DIRECT_OBJC_ISA_USAGE = YES_ERROR;
				CLANG_WARN_DOCUMENTATION_COMMENTS = YES;
				CLANG_WARN_EMPTY_BODY = YES;
				CLANG_WARN_ENUM_CONVERSION = YES;
				CLANG_WARN_INFINITE_RECURSION = YES;
				CLANG_WARN_INT_CONVERSION = YES;
				CLANG_WARN_NON_LITERAL_NULL_CONVERSION = YES;
				CLANG_WARN_OBJC_LITERAL_CONVERSION = YES;
				CLANG_WARN_OBJC_ROOT_CLASS = YES_ERROR;
				CLANG_WARN_RANGE_LOOP_ANALYSIS = YES;
				CLANG_WARN_STRICT_PROTOTYPES = YES;
				CLANG_WARN_SUSPICIOUS_MOVE = YES;
				CLANG_WARN_UNGUARDED_AVAILABILITY = YES_AGGRESSIVE;
				CLANG_WARN_UNREACHABLE_CODE = YES;
				CLANG_WARN__DUPLICATE_METHOD_MATCH = YES;
				CODE_SIGN_IDENTITY = "iPhone Developer";
				COPY_PHASE_STRIP = NO;
				DEBUG_INFORMATION_FORMAT = "dwarf-with-dsym";
				ENABLE_NS_ASSERTIONS = NO;
				ENABLE_STRICT_OBJC_MSGSEND = YES;
				GCC_C_LANGUAGE_STANDARD = gnu11;
				GCC_NO_COMMON_BLOCKS = YES;
				GCC_WARN_64_TO_32_BIT_CONVERSION = YES;
				GCC_WARN_ABOUT_RETURN_TYPE = YES_ERROR;
				GCC_WARN_UNDECLARED_SELECTOR = YES;
				GCC_WARN_UNINITIALIZED_AUTOS = YES_AGGRESSIVE;
				GCC_WARN_UNUSED_FUNCTION = YES;
				GCC_WARN_UNUSED_VARIABLE = YES;
				IPHONEOS_DEPLOYMENT_TARGET = 11.1;
				MTL_ENABLE_DEBUG_INFO = NO;
				SDKROOT = iphoneos;
				SWIFT_OPTIMIZATION_LEVEL = "-Owholemodule";
				VALIDATE_PRODUCT = YES;
			};
			name = Release;
		};
		5086AFB31FD1ED830088A5FD /* Debug */ = {
			isa = XCBuildConfiguration;
			buildSettings = {
				ASSETCATALOG_COMPILER_APPICON_NAME = AppIcon;
				CODE_SIGN_STYLE = Automatic;
				DEVELOPMENT_TEAM = X96WC7QB45;
				INFOPLIST_FILE = TNews/Info.plist;
				LD_RUNPATH_SEARCH_PATHS = "$(inherited) @executable_path/Frameworks";
				PRODUCT_BUNDLE_IDENTIFIER = luckyass.TNews;
				PRODUCT_NAME = "$(TARGET_NAME)";
				SWIFT_VERSION = 4.0;
				TARGETED_DEVICE_FAMILY = "1,2";
			};
			name = Debug;
		};
		5086AFB41FD1ED830088A5FD /* Release */ = {
			isa = XCBuildConfiguration;
			buildSettings = {
				ASSETCATALOG_COMPILER_APPICON_NAME = AppIcon;
				CODE_SIGN_STYLE = Automatic;
				DEVELOPMENT_TEAM = X96WC7QB45;
				INFOPLIST_FILE = TNews/Info.plist;
				LD_RUNPATH_SEARCH_PATHS = "$(inherited) @executable_path/Frameworks";
				PRODUCT_BUNDLE_IDENTIFIER = luckyass.TNews;
				PRODUCT_NAME = "$(TARGET_NAME)";
				SWIFT_VERSION = 4.0;
				TARGETED_DEVICE_FAMILY = "1,2";
			};
			name = Release;
		};
/* End XCBuildConfiguration section */

/* Begin XCConfigurationList section */
		5086AF981FD1ED830088A5FD /* Build configuration list for PBXProject "TNews" */ = {
			isa = XCConfigurationList;
			buildConfigurations = (
				5086AFB01FD1ED830088A5FD /* Debug */,
				5086AFB11FD1ED830088A5FD /* Release */,
			);
			defaultConfigurationIsVisible = 0;
			defaultConfigurationName = Release;
		};
		5086AFB21FD1ED830088A5FD /* Build configuration list for PBXNativeTarget "TNews" */ = {
			isa = XCConfigurationList;
			buildConfigurations = (
				5086AFB31FD1ED830088A5FD /* Debug */,
				5086AFB41FD1ED830088A5FD /* Release */,
			);
			defaultConfigurationIsVisible = 0;
			defaultConfigurationName = Release;
		};
/* End XCConfigurationList section */

/* Begin XCVersionGroup section */
		5086AFA71FD1ED830088A5FD /* TNews.xcdatamodeld */ = {
			isa = XCVersionGroup;
			children = (
				5086AFA81FD1ED830088A5FD /* TNews.xcdatamodel */,
			);
			currentVersion = 5086AFA81FD1ED830088A5FD /* TNews.xcdatamodel */;
			path = TNews.xcdatamodeld;
			sourceTree = "<group>";
			versionGroupType = wrapper.xcdatamodel;
		};
/* End XCVersionGroup section */
	};
	rootObject = 5086AF951FD1ED830088A5FD /* Project object */;
}
